// !$*UTF8*$!
{
	archiveVersion = 1;
	classes = {
	};
	objectVersion = 46;
	objects = {

/* Begin PBXBuildFile section */
		BB3CB59F1B7B2C9000262F1E /* main.m in Sources */ = {isa = PBXBuildFile; fileRef = BB3CB59E1B7B2C9000262F1E /* main.m */; };
		BB3CB5A21B7B2C9000262F1E /* AppDelegate.m in Sources */ = {isa = PBXBuildFile; fileRef = BB3CB5A11B7B2C9000262F1E /* AppDelegate.m */; };
		BB3CB5A51B7B2C9000262F1E /* ViewController.m in Sources */ = {isa = PBXBuildFile; fileRef = BB3CB5A41B7B2C9000262F1E /* ViewController.m */; };
		BB3CB5A81B7B2C9000262F1E /* Main.storyboard in Resources */ = {isa = PBXBuildFile; fileRef = BB3CB5A61B7B2C9000262F1E /* Main.storyboard */; };
		BB3CB5AA1B7B2C9000262F1E /* Images.xcassets in Resources */ = {isa = PBXBuildFile; fileRef = BB3CB5A91B7B2C9000262F1E /* Images.xcassets */; };
		BB3CB5AD1B7B2C9000262F1E /* LaunchScreen.xib in Resources */ = {isa = PBXBuildFile; fileRef = BB3CB5AB1B7B2C9000262F1E /* LaunchScreen.xib */; };
		BB3CB5B91B7B2C9000262F1E /* PisNetworkTests.m in Sources */ = {isa = PBXBuildFile; fileRef = BB3CB5B81B7B2C9000262F1E /* PisNetworkTests.m */; };
		BB3CB5D11B7B2E3A00262F1E /* Attrs.m in Sources */ = {isa = PBXBuildFile; fileRef = BB3CB5C41B7B2E3A00262F1E /* Attrs.m */; };
		BB3CB5D21B7B2E3A00262F1E /* Author.m in Sources */ = {isa = PBXBuildFile; fileRef = BB3CB5C91B7B2E3A00262F1E /* Author.m */; };
		BB3CB5D31B7B2E3A00262F1E /* BaseClass.m in Sources */ = {isa = PBXBuildFile; fileRef = BB3CB5CA1B7B2E3A00262F1E /* BaseClass.m */; };
		BB3CB5D41B7B2E3A00262F1E /* Musics.m in Sources */ = {isa = PBXBuildFile; fileRef = BB3CB5CD1B7B2E3A00262F1E /* Musics.m */; };
		BB3CB5D51B7B2E3A00262F1E /* Rating.m in Sources */ = {isa = PBXBuildFile; fileRef = BB3CB5CE1B7B2E3A00262F1E /* Rating.m */; };
		BB3CB5D61B7B2E3A00262F1E /* Tags.m in Sources */ = {isa = PBXBuildFile; fileRef = BB3CB5D01B7B2E3A00262F1E /* Tags.m */; };
		BB3CB5E11B7B3B1F00262F1E /* ServiceClient.m in Sources */ = {isa = PBXBuildFile; fileRef = BB3CB5DE1B7B3B1F00262F1E /* ServiceClient.m */; };
		BB3CB5E21B7B3B1F00262F1E /* ServiceResult.m in Sources */ = {isa = PBXBuildFile; fileRef = BB3CB5E01B7B3B1F00262F1E /* ServiceResult.m */; };
		BB3CB5E61B7B3B8500262F1E /* NetworkConfiguration.m in Sources */ = {isa = PBXBuildFile; fileRef = BB3CB5E51B7B3B8500262F1E /* NetworkConfiguration.m */; };
		BB3CB5EE1B7B3B9E00262F1E /* DefaultServiceLoader.m in Sources */ = {isa = PBXBuildFile; fileRef = BB3CB5E91B7B3B9E00262F1E /* DefaultServiceLoader.m */; };
		BB3CB5EF1B7B3B9E00262F1E /* ServiceLoader.m in Sources */ = {isa = PBXBuildFile; fileRef = BB3CB5EB1B7B3B9E00262F1E /* ServiceLoader.m */; };
		BB3CB5F01B7B3B9E00262F1E /* ServiceLoaderUtil.m in Sources */ = {isa = PBXBuildFile; fileRef = BB3CB5ED1B7B3B9E00262F1E /* ServiceLoaderUtil.m */; };
		BB3CB5F41B7B4A4100262F1E /* NSString+Utils.m in Sources */ = {isa = PBXBuildFile; fileRef = BB3CB5F31B7B4A4100262F1E /* NSString+Utils.m */; };
		BB3CB5FA1B7B4A8E00262F1E /* NSMutableArray+JSON.m in Sources */ = {isa = PBXBuildFile; fileRef = BB3CB5F71B7B4A8E00262F1E /* NSMutableArray+JSON.m */; };
		BB3CB5FB1B7B4A8E00262F1E /* NSObject+JSON.m in Sources */ = {isa = PBXBuildFile; fileRef = BB3CB5F91B7B4A8E00262F1E /* NSObject+JSON.m */; };
		BBD6A7EE1B7C1A8F0024EA18 /* BaseBusinessWrapper.m in Sources */ = {isa = PBXBuildFile; fileRef = BBD6A7ED1B7C1A8F0024EA18 /* BaseBusinessWrapper.m */; };
		BBD6A7F51B7C260D0024EA18 /* 1.png in Resources */ = {isa = PBXBuildFile; fileRef = BBD6A7F31B7C260D0024EA18 /* 1.png */; };
		BBD6A7F61B7C260D0024EA18 /* 2.png in Resources */ = {isa = PBXBuildFile; fileRef = BBD6A7F41B7C260D0024EA18 /* 2.png */; };
/* End PBXBuildFile section */

/* Begin PBXContainerItemProxy section */
		BB3CB5B31B7B2C9000262F1E /* PBXContainerItemProxy */ = {
			isa = PBXContainerItemProxy;
			containerPortal = BB3CB5911B7B2C9000262F1E /* Project object */;
			proxyType = 1;
			remoteGlobalIDString = BB3CB5981B7B2C9000262F1E;
			remoteInfo = PisNetwork;
		};
/* End PBXContainerItemProxy section */

/* Begin PBXFileReference section */
		BB3CB5991B7B2C9000262F1E /* PisNetwork.app */ = {isa = PBXFileReference; explicitFileType = wrapper.application; includeInIndex = 0; path = PisNetwork.app; sourceTree = BUILT_PRODUCTS_DIR; };
		BB3CB59D1B7B2C9000262F1E /* Info.plist */ = {isa = PBXFileReference; lastKnownFileType = text.plist.xml; path = Info.plist; sourceTree = "<group>"; };
		BB3CB59E1B7B2C9000262F1E /* main.m */ = {isa = PBXFileReference; lastKnownFileType = sourcecode.c.objc; path = main.m; sourceTree = "<group>"; };
		BB3CB5A01B7B2C9000262F1E /* AppDelegate.h */ = {isa = PBXFileReference; lastKnownFileType = sourcecode.c.h; path = AppDelegate.h; sourceTree = "<group>"; };
		BB3CB5A11B7B2C9000262F1E /* AppDelegate.m */ = {isa = PBXFileReference; lastKnownFileType = sourcecode.c.objc; path = AppDelegate.m; sourceTree = "<group>"; };
		BB3CB5A31B7B2C9000262F1E /* ViewController.h */ = {isa = PBXFileReference; lastKnownFileType = sourcecode.c.h; path = ViewController.h; sourceTree = "<group>"; };
		BB3CB5A41B7B2C9000262F1E /* ViewController.m */ = {isa = PBXFileReference; lastKnownFileType = sourcecode.c.objc; path = ViewController.m; sourceTree = "<group>"; };
		BB3CB5A71B7B2C9000262F1E /* Base */ = {isa = PBXFileReference; lastKnownFileType = file.storyboard; name = Base; path = Base.lproj/Main.storyboard; sourceTree = "<group>"; };
		BB3CB5A91B7B2C9000262F1E /* Images.xcassets */ = {isa = PBXFileReference; lastKnownFileType = folder.assetcatalog; path = Images.xcassets; sourceTree = "<group>"; };
		BB3CB5AC1B7B2C9000262F1E /* Base */ = {isa = PBXFileReference; lastKnownFileType = file.xib; name = Base; path = Base.lproj/LaunchScreen.xib; sourceTree = "<group>"; };
		BB3CB5B21B7B2C9000262F1E /* PisNetworkTests.xctest */ = {isa = PBXFileReference; explicitFileType = wrapper.cfbundle; includeInIndex = 0; path = PisNetworkTests.xctest; sourceTree = BUILT_PRODUCTS_DIR; };
		BB3CB5B71B7B2C9000262F1E /* Info.plist */ = {isa = PBXFileReference; lastKnownFileType = text.plist.xml; path = Info.plist; sourceTree = "<group>"; };
		BB3CB5B81B7B2C9000262F1E /* PisNetworkTests.m */ = {isa = PBXFileReference; lastKnownFileType = sourcecode.c.objc; path = PisNetworkTests.m; sourceTree = "<group>"; };
		BB3CB5C41B7B2E3A00262F1E /* Attrs.m */ = {isa = PBXFileReference; fileEncoding = 4; lastKnownFileType = sourcecode.c.objc; path = Attrs.m; sourceTree = "<group>"; };
		BB3CB5C51B7B2E3A00262F1E /* Tags.h */ = {isa = PBXFileReference; fileEncoding = 4; lastKnownFileType = sourcecode.c.h; path = Tags.h; sourceTree = "<group>"; };
		BB3CB5C61B7B2E3A00262F1E /* Author.h */ = {isa = PBXFileReference; fileEncoding = 4; lastKnownFileType = sourcecode.c.h; path = Author.h; sourceTree = "<group>"; };
		BB3CB5C71B7B2E3A00262F1E /* Rating.h */ = {isa = PBXFileReference; fileEncoding = 4; lastKnownFileType = sourcecode.c.h; path = Rating.h; sourceTree = "<group>"; };
		BB3CB5C81B7B2E3A00262F1E /* DataModels.h */ = {isa = PBXFileReference; fileEncoding = 4; lastKnownFileType = sourcecode.c.h; path = DataModels.h; sourceTree = "<group>"; };
		BB3CB5C91B7B2E3A00262F1E /* Author.m */ = {isa = PBXFileReference; fileEncoding = 4; lastKnownFileType = sourcecode.c.objc; path = Author.m; sourceTree = "<group>"; };
		BB3CB5CA1B7B2E3A00262F1E /* BaseClass.m */ = {isa = PBXFileReference; fileEncoding = 4; lastKnownFileType = sourcecode.c.objc; path = BaseClass.m; sourceTree = "<group>"; };
		BB3CB5CB1B7B2E3A00262F1E /* Attrs.h */ = {isa = PBXFileReference; fileEncoding = 4; lastKnownFileType = sourcecode.c.h; path = Attrs.h; sourceTree = "<group>"; };
		BB3CB5CC1B7B2E3A00262F1E /* BaseClass.h */ = {isa = PBXFileReference; fileEncoding = 4; lastKnownFileType = sourcecode.c.h; path = BaseClass.h; sourceTree = "<group>"; };
		BB3CB5CD1B7B2E3A00262F1E /* Musics.m */ = {isa = PBXFileReference; fileEncoding = 4; lastKnownFileType = sourcecode.c.objc; path = Musics.m; sourceTree = "<group>"; };
		BB3CB5CE1B7B2E3A00262F1E /* Rating.m */ = {isa = PBXFileReference; fileEncoding = 4; lastKnownFileType = sourcecode.c.objc; path = Rating.m; sourceTree = "<group>"; };
		BB3CB5CF1B7B2E3A00262F1E /* Musics.h */ = {isa = PBXFileReference; fileEncoding = 4; lastKnownFileType = sourcecode.c.h; path = Musics.h; sourceTree = "<group>"; };
		BB3CB5D01B7B2E3A00262F1E /* Tags.m */ = {isa = PBXFileReference; fileEncoding = 4; lastKnownFileType = sourcecode.c.objc; path = Tags.m; sourceTree = "<group>"; };
		BB3CB5D81B7B2F0B00262F1E /* PrefixHeader.pch */ = {isa = PBXFileReference; lastKnownFileType = sourcecode.c.h; path = PrefixHeader.pch; sourceTree = "<group>"; };
		BB3CB5DD1B7B3B1F00262F1E /* ServiceClient.h */ = {isa = PBXFileReference; fileEncoding = 4; lastKnownFileType = sourcecode.c.h; path = ServiceClient.h; sourceTree = "<group>"; };
		BB3CB5DE1B7B3B1F00262F1E /* ServiceClient.m */ = {isa = PBXFileReference; fileEncoding = 4; lastKnownFileType = sourcecode.c.objc; path = ServiceClient.m; sourceTree = "<group>"; };
		BB3CB5DF1B7B3B1F00262F1E /* ServiceResult.h */ = {isa = PBXFileReference; fileEncoding = 4; lastKnownFileType = sourcecode.c.h; path = ServiceResult.h; sourceTree = "<group>"; };
		BB3CB5E01B7B3B1F00262F1E /* ServiceResult.m */ = {isa = PBXFileReference; fileEncoding = 4; lastKnownFileType = sourcecode.c.objc; path = ServiceResult.m; sourceTree = "<group>"; };
		BB3CB5E31B7B3B8500262F1E /* Consts.h */ = {isa = PBXFileReference; fileEncoding = 4; lastKnownFileType = sourcecode.c.h; path = Consts.h; sourceTree = "<group>"; };
		BB3CB5E41B7B3B8500262F1E /* NetworkConfiguration.h */ = {isa = PBXFileReference; fileEncoding = 4; lastKnownFileType = sourcecode.c.h; path = NetworkConfiguration.h; sourceTree = "<group>"; };
		BB3CB5E51B7B3B8500262F1E /* NetworkConfiguration.m */ = {isa = PBXFileReference; fileEncoding = 4; lastKnownFileType = sourcecode.c.objc; path = NetworkConfiguration.m; sourceTree = "<group>"; };
		BB3CB5E81B7B3B9E00262F1E /* DefaultServiceLoader.h */ = {isa = PBXFileReference; fileEncoding = 4; lastKnownFileType = sourcecode.c.h; path = DefaultServiceLoader.h; sourceTree = "<group>"; };
		BB3CB5E91B7B3B9E00262F1E /* DefaultServiceLoader.m */ = {isa = PBXFileReference; fileEncoding = 4; lastKnownFileType = sourcecode.c.objc; path = DefaultServiceLoader.m; sourceTree = "<group>"; };
		BB3CB5EA1B7B3B9E00262F1E /* ServiceLoader.h */ = {isa = PBXFileReference; fileEncoding = 4; lastKnownFileType = sourcecode.c.h; path = ServiceLoader.h; sourceTree = "<group>"; };
		BB3CB5EB1B7B3B9E00262F1E /* ServiceLoader.m */ = {isa = PBXFileReference; fileEncoding = 4; lastKnownFileType = sourcecode.c.objc; path = ServiceLoader.m; sourceTree = "<group>"; };
		BB3CB5EC1B7B3B9E00262F1E /* ServiceLoaderUtil.h */ = {isa = PBXFileReference; fileEncoding = 4; lastKnownFileType = sourcecode.c.h; path = ServiceLoaderUtil.h; sourceTree = "<group>"; };
		BB3CB5ED1B7B3B9E00262F1E /* ServiceLoaderUtil.m */ = {isa = PBXFileReference; fileEncoding = 4; lastKnownFileType = sourcecode.c.objc; path = ServiceLoaderUtil.m; sourceTree = "<group>"; };
		BB3CB5F11B7B3BC400262F1E /* RequestBuilder.h */ = {isa = PBXFileReference; lastKnownFileType = sourcecode.c.h; path = RequestBuilder.h; sourceTree = "<group>"; };
		BB3CB5F21B7B4A4100262F1E /* NSString+Utils.h */ = {isa = PBXFileReference; fileEncoding = 4; lastKnownFileType = sourcecode.c.h; path = "NSString+Utils.h"; sourceTree = "<group>"; };
		BB3CB5F31B7B4A4100262F1E /* NSString+Utils.m */ = {isa = PBXFileReference; fileEncoding = 4; lastKnownFileType = sourcecode.c.objc; path = "NSString+Utils.m"; sourceTree = "<group>"; };
		BB3CB5F61B7B4A8E00262F1E /* NSMutableArray+JSON.h */ = {isa = PBXFileReference; fileEncoding = 4; lastKnownFileType = sourcecode.c.h; path = "NSMutableArray+JSON.h"; sourceTree = "<group>"; };
		BB3CB5F71B7B4A8E00262F1E /* NSMutableArray+JSON.m */ = {isa = PBXFileReference; fileEncoding = 4; lastKnownFileType = sourcecode.c.objc; path = "NSMutableArray+JSON.m"; sourceTree = "<group>"; };
		BB3CB5F81B7B4A8E00262F1E /* NSObject+JSON.h */ = {isa = PBXFileReference; fileEncoding = 4; lastKnownFileType = sourcecode.c.h; path = "NSObject+JSON.h"; sourceTree = "<group>"; };
		BB3CB5F91B7B4A8E00262F1E /* NSObject+JSON.m */ = {isa = PBXFileReference; fileEncoding = 4; lastKnownFileType = sourcecode.c.objc; path = "NSObject+JSON.m"; sourceTree = "<group>"; };
		BBD6A7EC1B7C1A8F0024EA18 /* BaseBusinessWrapper.h */ = {isa = PBXFileReference; fileEncoding = 4; lastKnownFileType = sourcecode.c.h; path = BaseBusinessWrapper.h; sourceTree = "<group>"; };
		BBD6A7ED1B7C1A8F0024EA18 /* BaseBusinessWrapper.m */ = {isa = PBXFileReference; fileEncoding = 4; lastKnownFileType = sourcecode.c.objc; path = BaseBusinessWrapper.m; sourceTree = "<group>"; };
		BBD6A7F31B7C260D0024EA18 /* 1.png */ = {isa = PBXFileReference; lastKnownFileType = image.png; path = 1.png; sourceTree = "<group>"; };
		BBD6A7F41B7C260D0024EA18 /* 2.png */ = {isa = PBXFileReference; lastKnownFileType = image.png; path = 2.png; sourceTree = "<group>"; };
/* End PBXFileReference section */

/* Begin PBXFrameworksBuildPhase section */
		BB3CB5961B7B2C9000262F1E /* Frameworks */ = {
			isa = PBXFrameworksBuildPhase;
			buildActionMask = 2147483647;
			files = (
			);
			runOnlyForDeploymentPostprocessing = 0;
		};
		BB3CB5AF1B7B2C9000262F1E /* Frameworks */ = {
			isa = PBXFrameworksBuildPhase;
			buildActionMask = 2147483647;
			files = (
			);
			runOnlyForDeploymentPostprocessing = 0;
		};
/* End PBXFrameworksBuildPhase section */

/* Begin PBXGroup section */
		BB3CB5901B7B2C9000262F1E = {
			isa = PBXGroup;
			children = (
				BB3CB59B1B7B2C9000262F1E /* PisNetwork */,
				BB3CB5B51B7B2C9000262F1E /* PisNetworkTests */,
				BB3CB59A1B7B2C9000262F1E /* Products */,
			);
			sourceTree = "<group>";
		};
		BB3CB59A1B7B2C9000262F1E /* Products */ = {
			isa = PBXGroup;
			children = (
				BB3CB5991B7B2C9000262F1E /* PisNetwork.app */,
				BB3CB5B21B7B2C9000262F1E /* PisNetworkTests.xctest */,
			);
			name = Products;
			sourceTree = "<group>";
		};
		BB3CB59B1B7B2C9000262F1E /* PisNetwork */ = {
			isa = PBXGroup;
			children = (
				BB3CB5A01B7B2C9000262F1E /* AppDelegate.h */,
				BB3CB5A11B7B2C9000262F1E /* AppDelegate.m */,
				BB3CB5A31B7B2C9000262F1E /* ViewController.h */,
				BB3CB5A41B7B2C9000262F1E /* ViewController.m */,
				BB3CB5A61B7B2C9000262F1E /* Main.storyboard */,
				BB3CB5C31B7B2DD200262F1E /* model */,
				BB3CB5C21B7B2CFB00262F1E /* network */,
				BB3CB5A91B7B2C9000262F1E /* Images.xcassets */,
				BB3CB5AB1B7B2C9000262F1E /* LaunchScreen.xib */,
				BBD6A7F31B7C260D0024EA18 /* 1.png */,
				BBD6A7F41B7C260D0024EA18 /* 2.png */,
				BB3CB59C1B7B2C9000262F1E /* Supporting Files */,
			);
			path = PisNetwork;
			sourceTree = "<group>";
		};
		BB3CB59C1B7B2C9000262F1E /* Supporting Files */ = {
			isa = PBXGroup;
			children = (
				BB3CB5D81B7B2F0B00262F1E /* PrefixHeader.pch */,
				BB3CB59D1B7B2C9000262F1E /* Info.plist */,
				BB3CB59E1B7B2C9000262F1E /* main.m */,
			);
			name = "Supporting Files";
			sourceTree = "<group>";
		};
		BB3CB5B51B7B2C9000262F1E /* PisNetworkTests */ = {
			isa = PBXGroup;
			children = (
				BB3CB5B81B7B2C9000262F1E /* PisNetworkTests.m */,
				BB3CB5B61B7B2C9000262F1E /* Supporting Files */,
			);
			path = PisNetworkTests;
			sourceTree = "<group>";
		};
		BB3CB5B61B7B2C9000262F1E /* Supporting Files */ = {
			isa = PBXGroup;
			children = (
				BB3CB5B71B7B2C9000262F1E /* Info.plist */,
			);
			name = "Supporting Files";
			sourceTree = "<group>";
		};
		BB3CB5C21B7B2CFB00262F1E /* network */ = {
			isa = PBXGroup;
			children = (
				BBD6A7EC1B7C1A8F0024EA18 /* BaseBusinessWrapper.h */,
				BBD6A7ED1B7C1A8F0024EA18 /* BaseBusinessWrapper.m */,
				BB3CB5E41B7B3B8500262F1E /* NetworkConfiguration.h */,
				BB3CB5E51B7B3B8500262F1E /* NetworkConfiguration.m */,
				BB3CB5F11B7B3BC400262F1E /* RequestBuilder.h */,
				BB3CB5E31B7B3B8500262F1E /* Consts.h */,
				BB3CB5DC1B7B3A4D00262F1E /* client */,
				BB3CB5E71B7B3B9E00262F1E /* Loader */,
				BB3CB5F51B7B4A8E00262F1E /* JSON */,
				BB3CB5F21B7B4A4100262F1E /* NSString+Utils.h */,
				BB3CB5F31B7B4A4100262F1E /* NSString+Utils.m */,
			);
			path = network;
			sourceTree = "<group>";
		};
		BB3CB5C31B7B2DD200262F1E /* model */ = {
			isa = PBXGroup;
			children = (
				BB3CB5CF1B7B2E3A00262F1E /* Musics.h */,
				BB3CB5CD1B7B2E3A00262F1E /* Musics.m */,
				BB3CB5C61B7B2E3A00262F1E /* Author.h */,
				BB3CB5C91B7B2E3A00262F1E /* Author.m */,
				BB3CB5C71B7B2E3A00262F1E /* Rating.h */,
				BB3CB5CE1B7B2E3A00262F1E /* Rating.m */,
				BB3CB5CB1B7B2E3A00262F1E /* Attrs.h */,
				BB3CB5C41B7B2E3A00262F1E /* Attrs.m */,
				BB3CB5C51B7B2E3A00262F1E /* Tags.h */,
				BB3CB5D01B7B2E3A00262F1E /* Tags.m */,
				BB3CB5CC1B7B2E3A00262F1E /* BaseClass.h */,
				BB3CB5CA1B7B2E3A00262F1E /* BaseClass.m */,
				BB3CB5C81B7B2E3A00262F1E /* DataModels.h */,
			);
			path = model;
			sourceTree = "<group>";
		};
		BB3CB5DC1B7B3A4D00262F1E /* client */ = {
			isa = PBXGroup;
			children = (
				BB3CB5DD1B7B3B1F00262F1E /* ServiceClient.h */,
				BB3CB5DE1B7B3B1F00262F1E /* ServiceClient.m */,
				BB3CB5DF1B7B3B1F00262F1E /* ServiceResult.h */,
				BB3CB5E01B7B3B1F00262F1E /* ServiceResult.m */,
			);
			path = client;
			sourceTree = "<group>";
		};
		BB3CB5E71B7B3B9E00262F1E /* Loader */ = {
			isa = PBXGroup;
			children = (
				BB3CB5E81B7B3B9E00262F1E /* DefaultServiceLoader.h */,
				BB3CB5E91B7B3B9E00262F1E /* DefaultServiceLoader.m */,
				BB3CB5EA1B7B3B9E00262F1E /* ServiceLoader.h */,
				BB3CB5EB1B7B3B9E00262F1E /* ServiceLoader.m */,
				BB3CB5EC1B7B3B9E00262F1E /* ServiceLoaderUtil.h */,
				BB3CB5ED1B7B3B9E00262F1E /* ServiceLoaderUtil.m */,
			);
			path = Loader;
			sourceTree = "<group>";
		};
		BB3CB5F51B7B4A8E00262F1E /* JSON */ = {
			isa = PBXGroup;
			children = (
				BB3CB5F61B7B4A8E00262F1E /* NSMutableArray+JSON.h */,
				BB3CB5F71B7B4A8E00262F1E /* NSMutableArray+JSON.m */,
				BB3CB5F81B7B4A8E00262F1E /* NSObject+JSON.h */,
				BB3CB5F91B7B4A8E00262F1E /* NSObject+JSON.m */,
			);
			path = JSON;
			sourceTree = "<group>";
		};
/* End PBXGroup section */

/* Begin PBXNativeTarget section */
		BB3CB5981B7B2C9000262F1E /* PisNetwork */ = {
			isa = PBXNativeTarget;
			buildConfigurationList = BB3CB5BC1B7B2C9000262F1E /* Build configuration list for PBXNativeTarget "PisNetwork" */;
			buildPhases = (
				BB3CB5951B7B2C9000262F1E /* Sources */,
				BB3CB5961B7B2C9000262F1E /* Frameworks */,
				BB3CB5971B7B2C9000262F1E /* Resources */,
			);
			buildRules = (
			);
			dependencies = (
			);
			name = PisNetwork;
			productName = PisNetwork;
			productReference = BB3CB5991B7B2C9000262F1E /* PisNetwork.app */;
			productType = "com.apple.product-type.application";
		};
		BB3CB5B11B7B2C9000262F1E /* PisNetworkTests */ = {
			isa = PBXNativeTarget;
			buildConfigurationList = BB3CB5BF1B7B2C9000262F1E /* Build configuration list for PBXNativeTarget "PisNetworkTests" */;
			buildPhases = (
				BB3CB5AE1B7B2C9000262F1E /* Sources */,
				BB3CB5AF1B7B2C9000262F1E /* Frameworks */,
				BB3CB5B01B7B2C9000262F1E /* Resources */,
			);
			buildRules = (
			);
			dependencies = (
				BB3CB5B41B7B2C9000262F1E /* PBXTargetDependency */,
			);
			name = PisNetworkTests;
			productName = PisNetworkTests;
			productReference = BB3CB5B21B7B2C9000262F1E /* PisNetworkTests.xctest */;
			productType = "com.apple.product-type.bundle.unit-test";
		};
/* End PBXNativeTarget section */

/* Begin PBXProject section */
		BB3CB5911B7B2C9000262F1E /* Project object */ = {
			isa = PBXProject;
			attributes = {
				LastUpgradeCheck = 0630;
				ORGANIZATIONNAME = newegg;
				TargetAttributes = {
					BB3CB5981B7B2C9000262F1E = {
						CreatedOnToolsVersion = 6.3.1;
					};
					BB3CB5B11B7B2C9000262F1E = {
						CreatedOnToolsVersion = 6.3.1;
						TestTargetID = BB3CB5981B7B2C9000262F1E;
					};
				};
			};
			buildConfigurationList = BB3CB5941B7B2C9000262F1E /* Build configuration list for PBXProject "PisNetwork" */;
			compatibilityVersion = "Xcode 3.2";
			developmentRegion = English;
			hasScannedForEncodings = 0;
			knownRegions = (
				en,
				Base,
			);
			mainGroup = BB3CB5901B7B2C9000262F1E;
			productRefGroup = BB3CB59A1B7B2C9000262F1E /* Products */;
			projectDirPath = "";
			projectRoot = "";
			targets = (
				BB3CB5981B7B2C9000262F1E /* PisNetwork */,
				BB3CB5B11B7B2C9000262F1E /* PisNetworkTests */,
			);
		};
/* End PBXProject section */

/* Begin PBXResourcesBuildPhase section */
		BB3CB5971B7B2C9000262F1E /* Resources */ = {
			isa = PBXResourcesBuildPhase;
			buildActionMask = 2147483647;
			files = (
				BB3CB5A81B7B2C9000262F1E /* Main.storyboard in Resources */,
				BBD6A7F51B7C260D0024EA18 /* 1.png in Resources */,
				BBD6A7F61B7C260D0024EA18 /* 2.png in Resources */,
				BB3CB5AD1B7B2C9000262F1E /* LaunchScreen.xib in Resources */,
				BB3CB5AA1B7B2C9000262F1E /* Images.xcassets in Resources */,
			);
			runOnlyForDeploymentPostprocessing = 0;
		};
		BB3CB5B01B7B2C9000262F1E /* Resources */ = {
			isa = PBXResourcesBuildPhase;
			buildActionMask = 2147483647;
			files = (
			);
			runOnlyForDeploymentPostprocessing = 0;
		};
/* End PBXResourcesBuildPhase section */

/* Begin PBXSourcesBuildPhase section */
		BB3CB5951B7B2C9000262F1E /* Sources */ = {
			isa = PBXSourcesBuildPhase;
			buildActionMask = 2147483647;
			files = (
				BB3CB5E21B7B3B1F00262F1E /* ServiceResult.m in Sources */,
				BBD6A7EE1B7C1A8F0024EA18 /* BaseBusinessWrapper.m in Sources */,
				BB3CB5D51B7B2E3A00262F1E /* Rating.m in Sources */,
				BB3CB5D11B7B2E3A00262F1E /* Attrs.m in Sources */,
				BB3CB5D31B7B2E3A00262F1E /* BaseClass.m in Sources */,
				BB3CB5A51B7B2C9000262F1E /* ViewController.m in Sources */,
				BB3CB5A21B7B2C9000262F1E /* AppDelegate.m in Sources */,
				BB3CB5D41B7B2E3A00262F1E /* Musics.m in Sources */,
				BB3CB5FB1B7B4A8E00262F1E /* NSObject+JSON.m in Sources */,
				BB3CB5EE1B7B3B9E00262F1E /* DefaultServiceLoader.m in Sources */,
				BB3CB5EF1B7B3B9E00262F1E /* ServiceLoader.m in Sources */,
				BB3CB59F1B7B2C9000262F1E /* main.m in Sources */,
				BB3CB5F01B7B3B9E00262F1E /* ServiceLoaderUtil.m in Sources */,
				BB3CB5D21B7B2E3A00262F1E /* Author.m in Sources */,
				BB3CB5E11B7B3B1F00262F1E /* ServiceClient.m in Sources */,
				BB3CB5D61B7B2E3A00262F1E /* Tags.m in Sources */,
				BB3CB5FA1B7B4A8E00262F1E /* NSMutableArray+JSON.m in Sources */,
				BB3CB5E61B7B3B8500262F1E /* NetworkConfiguration.m in Sources */,
				BB3CB5F41B7B4A4100262F1E /* NSString+Utils.m in Sources */,
			);
			runOnlyForDeploymentPostprocessing = 0;
		};
		BB3CB5AE1B7B2C9000262F1E /* Sources */ = {
			isa = PBXSourcesBuildPhase;
			buildActionMask = 2147483647;
			files = (
				BB3CB5B91B7B2C9000262F1E /* PisNetworkTests.m in Sources */,
			);
			runOnlyForDeploymentPostprocessing = 0;
		};
/* End PBXSourcesBuildPhase section */

/* Begin PBXTargetDependency section */
		BB3CB5B41B7B2C9000262F1E /* PBXTargetDependency */ = {
			isa = PBXTargetDependency;
			target = BB3CB5981B7B2C9000262F1E /* PisNetwork */;
			targetProxy = BB3CB5B31B7B2C9000262F1E /* PBXContainerItemProxy */;
		};
/* End PBXTargetDependency section */

/* Begin PBXVariantGroup section */
		BB3CB5A61B7B2C9000262F1E /* Main.storyboard */ = {
			isa = PBXVariantGroup;
			children = (
				BB3CB5A71B7B2C9000262F1E /* Base */,
			);
			name = Main.storyboard;
			sourceTree = "<group>";
		};
		BB3CB5AB1B7B2C9000262F1E /* LaunchScreen.xib */ = {
			isa = PBXVariantGroup;
			children = (
				BB3CB5AC1B7B2C9000262F1E /* Base */,
			);
			name = LaunchScreen.xib;
			sourceTree = "<group>";
		};
/* End PBXVariantGroup section */

/* Begin XCBuildConfiguration section */
		BB3CB5BA1B7B2C9000262F1E /* Debug */ = {
			isa = XCBuildConfiguration;
			buildSettings = {
				ALWAYS_SEARCH_USER_PATHS = NO;
				CLANG_CXX_LANGUAGE_STANDARD = "gnu++0x";
				CLANG_CXX_LIBRARY = "libc++";
				CLANG_ENABLE_MODULES = YES;
				CLANG_ENABLE_OBJC_ARC = YES;
				CLANG_WARN_BOOL_CONVERSION = YES;
				CLANG_WARN_CONSTANT_CONVERSION = YES;
				CLANG_WARN_DIRECT_OBJC_ISA_USAGE = YES_ERROR;
				CLANG_WARN_EMPTY_BODY = YES;
				CLANG_WARN_ENUM_CONVERSION = YES;
				CLANG_WARN_INT_CONVERSION = YES;
				CLANG_WARN_OBJC_ROOT_CLASS = YES_ERROR;
				CLANG_WARN_UNREACHABLE_CODE = YES;
				CLANG_WARN__DUPLICATE_METHOD_MATCH = YES;
				"CODE_SIGN_IDENTITY[sdk=iphoneos*]" = "iPhone Developer";
				COPY_PHASE_STRIP = NO;
				DEBUG_INFORMATION_FORMAT = "dwarf-with-dsym";
				ENABLE_STRICT_OBJC_MSGSEND = YES;
				GCC_C_LANGUAGE_STANDARD = gnu99;
				GCC_DYNAMIC_NO_PIC = NO;
				GCC_NO_COMMON_BLOCKS = YES;
				GCC_OPTIMIZATION_LEVEL = 0;
				GCC_PREPROCESSOR_DEFINITIONS = (
					"DEBUG=1",
					"$(inherited)",
				);
				GCC_SYMBOLS_PRIVATE_EXTERN = NO;
				GCC_WARN_64_TO_32_BIT_CONVERSION = YES;
				GCC_WARN_ABOUT_RETURN_TYPE = YES_ERROR;
				GCC_WARN_UNDECLARED_SELECTOR = YES;
				GCC_WARN_UNINITIALIZED_AUTOS = YES_AGGRESSIVE;
				GCC_WARN_UNUSED_FUNCTION = YES;
				GCC_WARN_UNUSED_VARIABLE = YES;
				IPHONEOS_DEPLOYMENT_TARGET = 8.3;
				MTL_ENABLE_DEBUG_INFO = YES;
				ONLY_ACTIVE_ARCH = YES;
				SDKROOT = iphoneos;
			};
			name = Debug;
		};
		BB3CB5BB1B7B2C9000262F1E /* Release */ = {
			isa = XCBuildConfiguration;
			buildSettings = {
				ALWAYS_SEARCH_USER_PATHS = NO;
				CLANG_CXX_LANGUAGE_STANDARD = "gnu++0x";
				CLANG_CXX_LIBRARY = "libc++";
				CLANG_ENABLE_MODULES = YES;
				CLANG_ENABLE_OBJC_ARC = YES;
				CLANG_WARN_BOOL_CONVERSION = YES;
				CLANG_WARN_CONSTANT_CONVERSION = YES;
				CLANG_WARN_DIRECT_OBJC_ISA_USAGE = YES_ERROR;
				CLANG_WARN_EMPTY_BODY = YES;
				CLANG_WARN_ENUM_CONVERSION = YES;
				CLANG_WARN_INT_CONVERSION = YES;
				CLANG_WARN_OBJC_ROOT_CLASS = YES_ERROR;
				CLANG_WARN_UNREACHABLE_CODE = YES;
				CLANG_WARN__DUPLICATE_METHOD_MATCH = YES;
				"CODE_SIGN_IDENTITY[sdk=iphoneos*]" = "iPhone Developer";
				COPY_PHASE_STRIP = NO;
				DEBUG_INFORMATION_FORMAT = "dwarf-with-dsym";
				ENABLE_NS_ASSERTIONS = NO;
				ENABLE_STRICT_OBJC_MSGSEND = YES;
				GCC_C_LANGUAGE_STANDARD = gnu99;
				GCC_NO_COMMON_BLOCKS = YES;
				GCC_WARN_64_TO_32_BIT_CONVERSION = YES;
				GCC_WARN_ABOUT_RETURN_TYPE = YES_ERROR;
				GCC_WARN_UNDECLARED_SELECTOR = YES;
				GCC_WARN_UNINITIALIZED_AUTOS = YES_AGGRESSIVE;
				GCC_WARN_UNUSED_FUNCTION = YES;
				GCC_WARN_UNUSED_VARIABLE = YES;
				IPHONEOS_DEPLOYMENT_TARGET = 8.3;
				MTL_ENABLE_DEBUG_INFO = NO;
				SDKROOT = iphoneos;
				VALIDATE_PRODUCT = YES;
			};
			name = Release;
		};
		BB3CB5BD1B7B2C9000262F1E /* Debug */ = {
			isa = XCBuildConfiguration;
			buildSettings = {
				ASSETCATALOG_COMPILER_APPICON_NAME = AppIcon;
				GCC_PRECOMPILE_PREFIX_HEADER = YES;
				GCC_PREFIX_HEADER = "$(SRCROOT)/PisNetwork/PrefixHeader.pch";
				INFOPLIST_FILE = PisNetwork/Info.plist;
				LD_RUNPATH_SEARCH_PATHS = "$(inherited) @executable_path/Frameworks";
				PRODUCT_NAME = "$(TARGET_NAME)";
			};
			name = Debug;
		};
		BB3CB5BE1B7B2C9000262F1E /* Release */ = {
			isa = XCBuildConfiguration;
			buildSettings = {
				ASSETCATALOG_COMPILER_APPICON_NAME = AppIcon;
				GCC_PRECOMPILE_PREFIX_HEADER = YES;
				GCC_PREFIX_HEADER = "$(SRCROOT)/PisNetwork/PrefixHeader.pch";
				INFOPLIST_FILE = PisNetwork/Info.plist;
				LD_RUNPATH_SEARCH_PATHS = "$(inherited) @executable_path/Frameworks";
				PRODUCT_NAME = "$(TARGET_NAME)";
			};
			name = Release;
		};
		BB3CB5C01B7B2C9000262F1E /* Debug */ = {
			isa = XCBuildConfiguration;
			buildSettings = {
				BUNDLE_LOADER = "$(TEST_HOST)";
				FRAMEWORK_SEARCH_PATHS = (
					"$(SDKROOT)/Developer/Library/Frameworks",
					"$(inherited)",
				);
				GCC_PREPROCESSOR_DEFINITIONS = (
					"DEBUG=1",
					"$(inherited)",
				);
				INFOPLIST_FILE = PisNetworkTests/Info.plist;
				LD_RUNPATH_SEARCH_PATHS = "$(inherited) @executable_path/Frameworks @loader_path/Frameworks";
				PRODUCT_NAME = "$(TARGET_NAME)";
				TEST_HOST = "$(BUILT_PRODUCTS_DIR)/PisNetwork.app/PisNetwork";
			};
			name = Debug;
		};
		BB3CB5C11B7B2C9000262F1E /* Release */ = {
			isa = XCBuildConfiguration;
			buildSettings = {
				BUNDLE_LOADER = "$(TEST_HOST)";
				FRAMEWORK_SEARCH_PATHS = (
					"$(SDKROOT)/Developer/Library/Frameworks",
					"$(inherited)",
				);
				INFOPLIST_FILE = PisNetworkTests/Info.plist;
				LD_RUNPATH_SEARCH_PATHS = "$(inherited) @executable_path/Frameworks @loader_path/Frameworks";
				PRODUCT_NAME = "$(TARGET_NAME)";
				TEST_HOST = "$(BUILT_PRODUCTS_DIR)/PisNetwork.app/PisNetwork";
			};
			name = Release;
		};
/* End XCBuildConfiguration section */

/* Begin XCConfigurationList section */
		BB3CB5941B7B2C9000262F1E /* Build configuration list for PBXProject "PisNetwork" */ = {
			isa = XCConfigurationList;
			buildConfigurations = (
				BB3CB5BA1B7B2C9000262F1E /* Debug */,
				BB3CB5BB1B7B2C9000262F1E /* Release */,
			);
			defaultConfigurationIsVisible = 0;
			defaultConfigurationName = Release;
		};
		BB3CB5BC1B7B2C9000262F1E /* Build configuration list for PBXNativeTarget "PisNetwork" */ = {
			isa = XCConfigurationList;
			buildConfigurations = (
				BB3CB5BD1B7B2C9000262F1E /* Debug */,
				BB3CB5BE1B7B2C9000262F1E /* Release */,
			);
			defaultConfigurationIsVisible = 0;
			defaultConfigurationName = Release;
		};
		BB3CB5BF1B7B2C9000262F1E /* Build configuration list for PBXNativeTarget "PisNetworkTests" */ = {
			isa = XCConfigurationList;
			buildConfigurations = (
				BB3CB5C01B7B2C9000262F1E /* Debug */,
				BB3CB5C11B7B2C9000262F1E /* Release */,
			);
			defaultConfigurationIsVisible = 0;
			defaultConfigurationName = Release;
		};
/* End XCConfigurationList section */
	};
	rootObject = BB3CB5911B7B2C9000262F1E /* Project object */;
}
